
Microsoft Visual Studio Solution File, Format Version 12.00
# Visual Studio Version 17
VisualStudioVersion = 17.0.31903.59
MinimumVisualStudioVersion = 10.0.40219.1
Project("{FAE04EC0-301F-11D3-BF4B-00C04F79EFBC}") = "Bank.WebApi", "Bank.WebApi\Bank.WebApi.csproj", "{FEFDC8F4-8B54-4E99-AB8D-3DEDBB6DF298}"
EndProject
Project("{FAE04EC0-301F-11D3-BF4B-00C04F79EFBC}") = "Bank.WebApi.Tests", "Bank.WebApi.Tests\Bank.WebApi.Tests.csproj", "{8124EBB5-03D4-4DCD-A48F-B4F666CFDB27}"
EndProject
Global
	GlobalSection(SolutionConfigurationPlatforms) = preSolution
		Debug|Any CPU = Debug|Any CPU
		Release|Any CPU = Release|Any CPU
	EndGlobalSection
	GlobalSection(SolutionProperties) = preSolution
		HideSolutionNode = FALSE
	EndGlobalSection
	GlobalSection(ProjectConfigurationPlatforms) = postSolution
		{FEFDC8F4-8B54-4E99-AB8D-3DEDBB6DF298}.Debug|Any CPU.ActiveCfg = Debug|Any CPU
		{FEFDC8F4-8B54-4E99-AB8D-3DEDBB6DF298}.Debug|Any CPU.Build.0 = Debug|Any CPU
		{FEFDC8F4-8B54-4E99-AB8D-3DEDBB6DF298}.Release|Any CPU.ActiveCfg = Release|Any CPU
		{FEFDC8F4-8B54-4E99-AB8D-3DEDBB6DF298}.Release|Any CPU.Build.0 = Release|Any CPU
		{8124EBB5-03D4-4DCD-A48F-B4F666CFDB27}.Debug|Any CPU.ActiveCfg = Debug|Any CPU
		{8124EBB5-03D4-4DCD-A48F-B4F666CFDB27}.Debug|Any CPU.Build.0 = Debug|Any CPU
		{8124EBB5-03D4-4DCD-A48F-B4F666CFDB27}.Release|Any CPU.ActiveCfg = Release|Any CPU
		{8124EBB5-03D4-4DCD-A48F-B4F666CFDB27}.Release|Any CPU.Build.0 = Release|Any CPU
	EndGlobalSection
EndGlobal
